<?xml version="1.0" encoding="utf-8"?>
<Project ToolsVersion="4.0" xmlns="http://schemas.microsoft.com/developer/msbuild/2003">
  <ItemGroup>
    <ClCompile Include="main.cpp" />
    <ClCompile Include="FrameGrabber.cpp">
      <Filter>Frame Grabbing</Filter>
    </ClCompile>
    <ClCompile Include="EventDetector.cpp">
      <Filter>Event Detector</Filter>
    </ClCompile>
    <ClCompile Include="dku_types.hpp" />
    <ClCompile Include="fhog.cpp">
      <Filter>Tracker</Filter>
    </ClCompile>
    <ClCompile Include="kcftracker.cpp">
      <Filter>Tracker</Filter>
    </ClCompile>
    <ClCompile Include="runtracker.cpp">
      <Filter>Tracker</Filter>
    </ClCompile>
    <ClCompile Include="hannju_visualize.cpp">
      <Filter>Helpers</Filter>
    </ClCompile>
    <ClCompile Include="mxArray.cpp">
      <Filter>Object Detector\Matlab Wrapper</Filter>
    </ClCompile>
    <ClCompile Include="wrappers.cpp">
      <Filter>Object Detector\Matlab Wrapper</Filter>
    </ClCompile>
    <ClCompile Include="DetectorCrosstalk.cpp">
      <Filter>Object Detector</Filter>
    </ClCompile>
  </ItemGroup>
  <ItemGroup>
    <Filter Include="Frame Grabbing">
      <UniqueIdentifier>{bd26b3d3-a06a-4738-bd56-073bc17beebf}</UniqueIdentifier>
    </Filter>
    <Filter Include="Event Detector">
      <UniqueIdentifier>{1c0c2571-c848-4a07-99ad-af3d05ed06a6}</UniqueIdentifier>
    </Filter>
    <Filter Include="Object Detector">
      <UniqueIdentifier>{83ed0bac-ae8a-4440-9a2a-1ee38b5b8afb}</UniqueIdentifier>
    </Filter>
    <Filter Include="Helpers">
      <UniqueIdentifier>{1ad44362-9d09-422f-8245-8f3efe127f04}</UniqueIdentifier>
    </Filter>
    <Filter Include="Tracker">
      <UniqueIdentifier>{f6cf1344-71f4-4f89-83ce-699013f355dd}</UniqueIdentifier>
    </Filter>
    <Filter Include="Object Detector\Matlab Wrapper">
      <UniqueIdentifier>{bbd02961-cbd9-489d-9abc-69a925045103}</UniqueIdentifier>
    </Filter>
  </ItemGroup>
  <ItemGroup>
    <ClInclude Include="FrameGrabber.h">
      <Filter>Frame Grabbing</Filter>
    </ClInclude>
    <ClInclude Include="EventDetector.h">
      <Filter>Event Detector</Filter>
    </ClInclude>
    <ClInclude Include="ffttools.hpp">
      <Filter>Tracker</Filter>
    </ClInclude>
    <ClInclude Include="fhog.hpp">
      <Filter>Tracker</Filter>
    </ClInclude>
    <ClInclude Include="kcftracker.hpp">
      <Filter>Tracker</Filter>
    </ClInclude>
    <ClInclude Include="labdata.hpp">
      <Filter>Tracker</Filter>
    </ClInclude>
    <ClInclude Include="recttools.hpp">
      <Filter>Tracker</Filter>
    </ClInclude>
    <ClInclude Include="tracker.h">
      <Filter>Tracker</Filter>
    </ClInclude>
    <ClInclude Include="haanju_visualize.hpp">
      <Filter>Helpers</Filter>
    </ClInclude>
    <ClInclude Include="mxArray.h">
      <Filter>Object Detector\Matlab Wrapper</Filter>
    </ClInclude>
    <ClInclude Include="sse.hpp">
      <Filter>Object Detector\Matlab Wrapper</Filter>
    </ClInclude>
    <ClInclude Include="wrappers.hpp">
      <Filter>Object Detector\Matlab Wrapper</Filter>
    </ClInclude>
    <ClInclude Include="DetectorCrosstalk.hpp">
      <Filter>Object Detector</Filter>
    </ClInclude>
  </ItemGroup>
</Project>