<?xml version="1.0" encoding="utf-8"?>
<Project ToolsVersion="4.0" xmlns="http://schemas.microsoft.com/developer/msbuild/2003">
  <ItemGroup>
    <ClCompile Include="main.cpp" />
    <ClCompile Include="FrameGrabber.cpp">
      <Filter>Frame Grabbing</Filter>
    </ClCompile>
    <ClCompile Include="EventDetector.cpp">
      <Filter>Event Detector</Filter>
    </ClCompile>
    <ClCompile Include="dku_types.hpp" />
    <ClCompile Include="fhog.cpp">
      <Filter>tracker</Filter>
    </ClCompile>
    <ClCompile Include="kcftracker.cpp">
      <Filter>tracker</Filter>
    </ClCompile>
    <ClCompile Include="runtracker.cpp">
      <Filter>tracker</Filter>
    </ClCompile>
  </ItemGroup>
  <ItemGroup>
    <Filter Include="Frame Grabbing">
      <UniqueIdentifier>{bd26b3d3-a06a-4738-bd56-073bc17beebf}</UniqueIdentifier>
    </Filter>
    <Filter Include="Event Detector">
      <UniqueIdentifier>{1c0c2571-c848-4a07-99ad-af3d05ed06a6}</UniqueIdentifier>
    </Filter>
    <Filter Include="tracker">
      <UniqueIdentifier>{f6cf1344-71f4-4f89-83ce-699013f355dd}</UniqueIdentifier>
    </Filter>
  </ItemGroup>
  <ItemGroup>
    <ClInclude Include="FrameGrabber.h">
      <Filter>Frame Grabbing</Filter>
    </ClInclude>
    <ClInclude Include="EventDetector.h">
      <Filter>Event Detector</Filter>
    </ClInclude>
    <ClInclude Include="ffttools.hpp">
      <Filter>tracker</Filter>
    </ClInclude>
    <ClInclude Include="fhog.hpp">
      <Filter>tracker</Filter>
    </ClInclude>
    <ClInclude Include="kcftracker.hpp">
      <Filter>tracker</Filter>
    </ClInclude>
    <ClInclude Include="labdata.hpp">
      <Filter>tracker</Filter>
    </ClInclude>
    <ClInclude Include="recttools.hpp">
      <Filter>tracker</Filter>
    </ClInclude>
    <ClInclude Include="tracker.h">
      <Filter>tracker</Filter>
    </ClInclude>
  </ItemGroup>
</Project>